
Microsoft Visual Studio Solution File, Format Version 12.00
# Visual Studio 15
VisualStudioVersion = 15.0.26403.7
MinimumVisualStudioVersion = 10.0.40219.1
Project("{8BC9CEB8-8B4A-11D0-8D11-00A0C91BC942}") = "lab5", "lab5\lab5.vcxproj", "{CB804237-55FC-4CBA-9DD5-586639CBF7FD}"
EndProject
Project("{8BC9CEB8-8B4A-11D0-8D11-00A0C91BC942}") = "lab5PS", "lab5\lab5PS.vcxproj", "{6127B8F3-0558-4929-A2C5-EA35F620F331}"
	ProjectSection(ProjectDependencies) = postProject
		{CB804237-55FC-4CBA-9DD5-586639CBF7FD} = {CB804237-55FC-4CBA-9DD5-586639CBF7FD}
	EndProjectSection
EndProject
Project("{8BC9CEB8-8B4A-11D0-8D11-00A0C91BC942}") = "atlCppClient", "atlCppClient\atlCppClient.vcxproj", "{4489DF39-2A92-4840-9280-B295DB5A2B0D}"
EndProject
Project("{FAE04EC0-301F-11D3-BF4B-00C04F79EFBC}") = "csharpClient", "csharpClient\csharpClient.csproj", "{1B9AE208-F0F6-490F-8B85-2ACDA58935CE}"
EndProject
Project("{F184B08F-C81C-45F6-A57F-5ABD9991F28F}") = "vbClient", "vbClient\vbClient.vbproj", "{2A4ECCF1-3976-48C4-8ED7-C0FA6E81D27B}"
EndProject
Global
	GlobalSection(SolutionConfigurationPlatforms) = preSolution
		Debug|Any CPU = Debug|Any CPU
		Debug|x64 = Debug|x64
		Debug|x86 = Debug|x86
		Release|Any CPU = Release|Any CPU
		Release|x64 = Release|x64
		Release|x86 = Release|x86
	EndGlobalSection
	GlobalSection(ProjectConfigurationPlatforms) = postSolution
		{CB804237-55FC-4CBA-9DD5-586639CBF7FD}.Debug|Any CPU.ActiveCfg = Debug|Win32
		{CB804237-55FC-4CBA-9DD5-586639CBF7FD}.Debug|x64.ActiveCfg = Debug|x64
		{CB804237-55FC-4CBA-9DD5-586639CBF7FD}.Debug|x64.Build.0 = Debug|x64
		{CB804237-55FC-4CBA-9DD5-586639CBF7FD}.Debug|x86.ActiveCfg = Debug|Win32
		{CB804237-55FC-4CBA-9DD5-586639CBF7FD}.Debug|x86.Build.0 = Debug|Win32
		{CB804237-55FC-4CBA-9DD5-586639CBF7FD}.Release|Any CPU.ActiveCfg = Release|Win32
		{CB804237-55FC-4CBA-9DD5-586639CBF7FD}.Release|x64.ActiveCfg = Release|x64
		{CB804237-55FC-4CBA-9DD5-586639CBF7FD}.Release|x64.Build.0 = Release|x64
		{CB804237-55FC-4CBA-9DD5-586639CBF7FD}.Release|x86.ActiveCfg = Release|Win32
		{CB804237-55FC-4CBA-9DD5-586639CBF7FD}.Release|x86.Build.0 = Release|Win32
		{6127B8F3-0558-4929-A2C5-EA35F620F331}.Debug|Any CPU.ActiveCfg = Debug|Win32
		{6127B8F3-0558-4929-A2C5-EA35F620F331}.Debug|x64.ActiveCfg = Debug|x64
		{6127B8F3-0558-4929-A2C5-EA35F620F331}.Debug|x86.ActiveCfg = Debug|Win32
		{6127B8F3-0558-4929-A2C5-EA35F620F331}.Release|Any CPU.ActiveCfg = Release|Win32
		{6127B8F3-0558-4929-A2C5-EA35F620F331}.Release|x64.ActiveCfg = Release|x64
		{6127B8F3-0558-4929-A2C5-EA35F620F331}.Release|x86.ActiveCfg = Release|Win32
		{4489DF39-2A92-4840-9280-B295DB5A2B0D}.Debug|Any CPU.ActiveCfg = Debug|Win32
		{4489DF39-2A92-4840-9280-B295DB5A2B0D}.Debug|x64.ActiveCfg = Debug|x64
		{4489DF39-2A92-4840-9280-B295DB5A2B0D}.Debug|x64.Build.0 = Debug|x64
		{4489DF39-2A92-4840-9280-B295DB5A2B0D}.Debug|x86.ActiveCfg = Debug|Win32
		{4489DF39-2A92-4840-9280-B295DB5A2B0D}.Debug|x86.Build.0 = Debug|Win32
		{4489DF39-2A92-4840-9280-B295DB5A2B0D}.Release|Any CPU.ActiveCfg = Release|Win32
		{4489DF39-2A92-4840-9280-B295DB5A2B0D}.Release|x64.ActiveCfg = Release|x64
		{4489DF39-2A92-4840-9280-B295DB5A2B0D}.Release|x64.Build.0 = Release|x64
		{4489DF39-2A92-4840-9280-B295DB5A2B0D}.Release|x86.ActiveCfg = Release|Win32
		{4489DF39-2A92-4840-9280-B295DB5A2B0D}.Release|x86.Build.0 = Release|Win32
		{1B9AE208-F0F6-490F-8B85-2ACDA58935CE}.Debug|Any CPU.ActiveCfg = Debug|Any CPU
		{1B9AE208-F0F6-490F-8B85-2ACDA58935CE}.Debug|Any CPU.Build.0 = Debug|Any CPU
		{1B9AE208-F0F6-490F-8B85-2ACDA58935CE}.Debug|x64.ActiveCfg = Debug|Any CPU
		{1B9AE208-F0F6-490F-8B85-2ACDA58935CE}.Debug|x64.Build.0 = Debug|Any CPU
		{1B9AE208-F0F6-490F-8B85-2ACDA58935CE}.Debug|x86.ActiveCfg = Debug|Any CPU
		{1B9AE208-F0F6-490F-8B85-2ACDA58935CE}.Debug|x86.Build.0 = Debug|Any CPU
		{1B9AE208-F0F6-490F-8B85-2ACDA58935CE}.Release|Any CPU.ActiveCfg = Release|Any CPU
		{1B9AE208-F0F6-490F-8B85-2ACDA58935CE}.Release|Any CPU.Build.0 = Release|Any CPU
		{1B9AE208-F0F6-490F-8B85-2ACDA58935CE}.Release|x64.ActiveCfg = Release|Any CPU
		{1B9AE208-F0F6-490F-8B85-2ACDA58935CE}.Release|x64.Build.0 = Release|Any CPU
		{1B9AE208-F0F6-490F-8B85-2ACDA58935CE}.Release|x86.ActiveCfg = Release|Any CPU
		{1B9AE208-F0F6-490F-8B85-2ACDA58935CE}.Release|x86.Build.0 = Release|Any CPU
		{2A4ECCF1-3976-48C4-8ED7-C0FA6E81D27B}.Debug|Any CPU.ActiveCfg = Debug|Any CPU
		{2A4ECCF1-3976-48C4-8ED7-C0FA6E81D27B}.Debug|Any CPU.Build.0 = Debug|Any CPU
		{2A4ECCF1-3976-48C4-8ED7-C0FA6E81D27B}.Debug|x64.ActiveCfg = Debug|Any CPU
		{2A4ECCF1-3976-48C4-8ED7-C0FA6E81D27B}.Debug|x64.Build.0 = Debug|Any CPU
		{2A4ECCF1-3976-48C4-8ED7-C0FA6E81D27B}.Debug|x86.ActiveCfg = Debug|Any CPU
		{2A4ECCF1-3976-48C4-8ED7-C0FA6E81D27B}.Debug|x86.Build.0 = Debug|Any CPU
		{2A4ECCF1-3976-48C4-8ED7-C0FA6E81D27B}.Release|Any CPU.ActiveCfg = Release|Any CPU
		{2A4ECCF1-3976-48C4-8ED7-C0FA6E81D27B}.Release|Any CPU.Build.0 = Release|Any CPU
		{2A4ECCF1-3976-48C4-8ED7-C0FA6E81D27B}.Release|x64.ActiveCfg = Release|Any CPU
		{2A4ECCF1-3976-48C4-8ED7-C0FA6E81D27B}.Release|x64.Build.0 = Release|Any CPU
		{2A4ECCF1-3976-48C4-8ED7-C0FA6E81D27B}.Release|x86.ActiveCfg = Release|Any CPU
		{2A4ECCF1-3976-48C4-8ED7-C0FA6E81D27B}.Release|x86.Build.0 = Release|Any CPU
	EndGlobalSection
	GlobalSection(SolutionProperties) = preSolution
		HideSolutionNode = FALSE
	EndGlobalSection
EndGlobal
