
Microsoft Visual Studio Solution File, Format Version 12.00
# Visual Studio 15
VisualStudioVersion = 15.0.26403.7
MinimumVisualStudioVersion = 10.0.40219.1
Project("{8BC9CEB8-8B4A-11D0-8D11-00A0C91BC942}") = "lab5", "lab5\lab5.vcxproj", "{CB804237-55FC-4CBA-9DD5-586639CBF7FD}"
EndProject
Project("{8BC9CEB8-8B4A-11D0-8D11-00A0C91BC942}") = "lab5PS", "lab5\lab5PS.vcxproj", "{6127B8F3-0558-4929-A2C5-EA35F620F331}"
	ProjectSection(ProjectDependencies) = postProject
		{CB804237-55FC-4CBA-9DD5-586639CBF7FD} = {CB804237-55FC-4CBA-9DD5-586639CBF7FD}
	EndProjectSection
EndProject
Global
	GlobalSection(SolutionConfigurationPlatforms) = preSolution
		Debug|x64 = Debug|x64
		Debug|x86 = Debug|x86
		Release|x64 = Release|x64
		Release|x86 = Release|x86
	EndGlobalSection
	GlobalSection(ProjectConfigurationPlatforms) = postSolution
		{CB804237-55FC-4CBA-9DD5-586639CBF7FD}.Debug|x64.ActiveCfg = Debug|x64
		{CB804237-55FC-4CBA-9DD5-586639CBF7FD}.Debug|x64.Build.0 = Debug|x64
		{CB804237-55FC-4CBA-9DD5-586639CBF7FD}.Debug|x86.ActiveCfg = Debug|Win32
		{CB804237-55FC-4CBA-9DD5-586639CBF7FD}.Debug|x86.Build.0 = Debug|Win32
		{CB804237-55FC-4CBA-9DD5-586639CBF7FD}.Release|x64.ActiveCfg = Release|x64
		{CB804237-55FC-4CBA-9DD5-586639CBF7FD}.Release|x64.Build.0 = Release|x64
		{CB804237-55FC-4CBA-9DD5-586639CBF7FD}.Release|x86.ActiveCfg = Release|Win32
		{CB804237-55FC-4CBA-9DD5-586639CBF7FD}.Release|x86.Build.0 = Release|Win32
		{6127B8F3-0558-4929-A2C5-EA35F620F331}.Debug|x64.ActiveCfg = Debug|x64
		{6127B8F3-0558-4929-A2C5-EA35F620F331}.Debug|x86.ActiveCfg = Debug|Win32
		{6127B8F3-0558-4929-A2C5-EA35F620F331}.Release|x64.ActiveCfg = Release|x64
		{6127B8F3-0558-4929-A2C5-EA35F620F331}.Release|x86.ActiveCfg = Release|Win32
	EndGlobalSection
	GlobalSection(SolutionProperties) = preSolution
		HideSolutionNode = FALSE
	EndGlobalSection
EndGlobal
